github.com/eatmoreapple/openwechat v1.2.3 h1:8AO+nvXwHVTM/7Gk7y6IZ2/hjnILTLQztWmJnPhPB+k=
github.com/eatmoreapple/openwechat v1.2.3/go.mod h1:61HOzTyvLobGdgWhL68jfGNwTJEv0mhQ1miCXQrvWU8=
github.com/patrickmn/go-cache v2.1.0+incompatible h1:HRMgzkcYKYpi3C8ajMPV8OFXaaRUnok+kx1WdO15EQc=
github.com/patrickmn/go-cache v2.1.0+incompatible/go.mod h1:3Qf8kWWT7OJRJbdiICTKqZju1ZixQ/KpMGzzAfe6+WQ=
